Microsoft Visual Studio Solution File, Format Version 12.00
# Visual Studio 15
VisualStudioVersion = 15.0.27130.2010
MinimumVisualStudioVersion = 10.0.40219.1
Project("{9A19103F-16F7-4668-BE54-9A1E7A4F7556}") = "Web", "src\web.csproj", "{29A96BEA-E592-42B7-BEBF-FF84D8A1D2A6}"
EndProject
Global
	GlobalSection(SolutionConfigurationPlatforms) = preSolution
		Debug|Any CPU = Debug|Any CPU
		Release|Any CPU = Release|Any CPU
	EndGlobalSection
	GlobalSection(ProjectConfigurationPlatforms) = postSolution
		{29A96BEA-E592-42B7-BEBF-FF84D8A1D2A6}.Debug|Any CPU.ActiveCfg = Debug|Any CPU
		{29A96BEA-E592-42B7-BEBF-FF84D8A1D2A6}.Debug|Any CPU.Build.0 = Debug|Any CPU
		{29A96BEA-E592-42B7-BEBF-FF84D8A1D2A6}.Release|Any CPU.ActiveCfg = Release|Any CPU
		{29A96BEA-E592-42B7-BEBF-FF84D8A1D2A6}.Release|Any CPU.Build.0 = Release|Any CPU
	EndGlobalSection
	GlobalSection(SolutionProperties) = preSolution
		HideSolutionNode = FALSE
	EndGlobalSection
	GlobalSection(ExtensibilityGlobals) = postSolution
		SolutionGuid = {BA2F382D-0797-4230-9BC8-7AA1EA5128C3}
	EndGlobalSection
EndGlobal